
Microsoft Visual Studio Solution File, Format Version 12.00
# Visual Studio 14
VisualStudioVersion = 14.0.25420.1
MinimumVisualStudioVersion = 10.0.40219.1
Project("{FAE04EC0-301F-11D3-BF4B-00C04F79EFBC}") = "VLCMediaElement", "VLCMediaElement\VLCMediaElement.csproj", "{F3C4752E-4A95-4ACE-B218-35CFA22D9374}"
EndProject
Project("{FAE04EC0-301F-11D3-BF4B-00C04F79EFBC}") = "SampleApp", "SampleApp\SampleApp.csproj", "{459B4281-8AFE-4C73-AC42-0D06901BA3C4}"
EndProject
Project("{2150E333-8FDC-42A3-9474-1A3956D46DE8}") = "Nuget", "Nuget", "{9378A2B9-6E71-48DC-AE8A-36758916F0B9}"
	ProjectSection(SolutionItems) = preProject
		VLCMediaElement\VLC.MediaElement.nuspec = VLCMediaElement\VLC.MediaElement.nuspec
		VLCMediaElement\VLC.MediaElement.targets = VLCMediaElement\VLC.MediaElement.targets
	EndProjectSection
EndProject
Global
	GlobalSection(SolutionConfigurationPlatforms) = preSolution
		Debug|ARM = Debug|ARM
		Debug|x64 = Debug|x64
		Debug|x86 = Debug|x86
		Release|ARM = Release|ARM
		Release|x64 = Release|x64
		Release|x86 = Release|x86
	EndGlobalSection
	GlobalSection(ProjectConfigurationPlatforms) = postSolution
		{F3C4752E-4A95-4ACE-B218-35CFA22D9374}.Debug|ARM.ActiveCfg = Debug|Any CPU
		{F3C4752E-4A95-4ACE-B218-35CFA22D9374}.Debug|ARM.Build.0 = Debug|Any CPU
		{F3C4752E-4A95-4ACE-B218-35CFA22D9374}.Debug|x64.ActiveCfg = Debug|Any CPU
		{F3C4752E-4A95-4ACE-B218-35CFA22D9374}.Debug|x64.Build.0 = Debug|Any CPU
		{F3C4752E-4A95-4ACE-B218-35CFA22D9374}.Debug|x86.ActiveCfg = Debug|Any CPU
		{F3C4752E-4A95-4ACE-B218-35CFA22D9374}.Debug|x86.Build.0 = Debug|Any CPU
		{F3C4752E-4A95-4ACE-B218-35CFA22D9374}.Release|ARM.ActiveCfg = Release|Any CPU
		{F3C4752E-4A95-4ACE-B218-35CFA22D9374}.Release|ARM.Build.0 = Release|Any CPU
		{F3C4752E-4A95-4ACE-B218-35CFA22D9374}.Release|x64.ActiveCfg = Release|Any CPU
		{F3C4752E-4A95-4ACE-B218-35CFA22D9374}.Release|x64.Build.0 = Release|Any CPU
		{F3C4752E-4A95-4ACE-B218-35CFA22D9374}.Release|x86.ActiveCfg = Release|Any CPU
		{F3C4752E-4A95-4ACE-B218-35CFA22D9374}.Release|x86.Build.0 = Release|Any CPU
		{459B4281-8AFE-4C73-AC42-0D06901BA3C4}.Debug|ARM.ActiveCfg = Debug|ARM
		{459B4281-8AFE-4C73-AC42-0D06901BA3C4}.Debug|ARM.Build.0 = Debug|ARM
		{459B4281-8AFE-4C73-AC42-0D06901BA3C4}.Debug|ARM.Deploy.0 = Debug|ARM
		{459B4281-8AFE-4C73-AC42-0D06901BA3C4}.Debug|x64.ActiveCfg = Debug|x64
		{459B4281-8AFE-4C73-AC42-0D06901BA3C4}.Debug|x64.Build.0 = Debug|x64
		{459B4281-8AFE-4C73-AC42-0D06901BA3C4}.Debug|x64.Deploy.0 = Debug|x64
		{459B4281-8AFE-4C73-AC42-0D06901BA3C4}.Debug|x86.ActiveCfg = Debug|x86
		{459B4281-8AFE-4C73-AC42-0D06901BA3C4}.Debug|x86.Build.0 = Debug|x86
		{459B4281-8AFE-4C73-AC42-0D06901BA3C4}.Debug|x86.Deploy.0 = Debug|x86
		{459B4281-8AFE-4C73-AC42-0D06901BA3C4}.Release|ARM.ActiveCfg = Release|ARM
		{459B4281-8AFE-4C73-AC42-0D06901BA3C4}.Release|ARM.Build.0 = Release|ARM
		{459B4281-8AFE-4C73-AC42-0D06901BA3C4}.Release|ARM.Deploy.0 = Release|ARM
		{459B4281-8AFE-4C73-AC42-0D06901BA3C4}.Release|x64.ActiveCfg = Release|x64
		{459B4281-8AFE-4C73-AC42-0D06901BA3C4}.Release|x64.Build.0 = Release|x64
		{459B4281-8AFE-4C73-AC42-0D06901BA3C4}.Release|x64.Deploy.0 = Release|x64
		{459B4281-8AFE-4C73-AC42-0D06901BA3C4}.Release|x86.ActiveCfg = Release|x86
		{459B4281-8AFE-4C73-AC42-0D06901BA3C4}.Release|x86.Build.0 = Release|x86
		{459B4281-8AFE-4C73-AC42-0D06901BA3C4}.Release|x86.Deploy.0 = Release|x86
	EndGlobalSection
	GlobalSection(SolutionProperties) = preSolution
		HideSolutionNode = FALSE
	EndGlobalSection
EndGlobal
